{
  "name": "pet-project-chat",
  "version": "0.0.1",
  "lockfileVersion": 3,
  "requires": true,
  "packages": {
    "": {
      "name": "pet-project-chat",
      "version": "0.0.1",
      "license": "ISC",
      "dependencies": {
        "husky": "^8.0.3"
      },
      "devDependencies": {
        "cloc": "^1.98.0-cloc"
      }
    },
    "node_modules/cloc": {
      "version": "1.98.0-cloc",
      "resolved": "https://registry.npmjs.org/cloc/-/cloc-1.98.0-cloc.tgz",
      "integrity": "sha512-orSf0Lg13jCemPXVQ22QjlvdV9YSzguYE3BdtkRu7bIyVQq1DGHhZfu5tdCp20Qn3Na/9V6n0j81MK+uHIZPgQ==",
      "dev": true,
      "bin": {
        "cloc": "lib/cloc"
      }
    },
    "node_modules/husky": {
      "version": "8.0.3",
      "resolved": "https://registry.npmjs.org/husky/-/husky-8.0.3.tgz",
      "integrity": "sha512-+dQSyqPh4x1hlO1swXBiNb2HzTDN1I2IGLQx1GrBuiqFJfoMrnZWwVmatvSiO+Iz8fBUnf+lekwNo4c2LlXItg==",
      "bin": {
        "husky": "lib/bin.js"
      },
      "engines": {
        "node": ">=14"
      },
      "funding": {
        "url": "https://github.com/sponsors/typicode"
      }
    }
  }
}
